
Microsoft Visual Studio Solution File, Format Version 12.00
# Visual Studio Version 16
VisualStudioVersion = 16.0.29905.134
MinimumVisualStudioVersion = 10.0.40219.1
Project("{9A19103F-16F7-4668-BE54-9A1E7A4F7556}") = "Microsoft.Azure.SpringCloud.Sample.PlanetWeatherProvider", "src\planet-weather-provider\Microsoft.Azure.SpringCloud.Sample.PlanetWeatherProvider.csproj", "{BB317891-B3DD-4F6B-8F1C-D8D77FABEE0E}"
EndProject
Project("{9A19103F-16F7-4668-BE54-9A1E7A4F7556}") = "Microsoft.Azure.SpringCloud.Sample.SolarSystemWeather", "src\solar-system-weather\Microsoft.Azure.SpringCloud.Sample.SolarSystemWeather.csproj", "{7E608BB8-CE29-4A26-9346-DC972E7E0EC8}"
EndProject
Global
	GlobalSection(SolutionConfigurationPlatforms) = preSolution
		Debug|Any CPU = Debug|Any CPU
		Release|Any CPU = Release|Any CPU
	EndGlobalSection
	GlobalSection(ProjectConfigurationPlatforms) = postSolution
		{BB317891-B3DD-4F6B-8F1C-D8D77FABEE0E}.Debug|Any CPU.ActiveCfg = Debug|Any CPU
		{BB317891-B3DD-4F6B-8F1C-D8D77FABEE0E}.Debug|Any CPU.Build.0 = Debug|Any CPU
		{BB317891-B3DD-4F6B-8F1C-D8D77FABEE0E}.Release|Any CPU.ActiveCfg = Release|Any CPU
		{BB317891-B3DD-4F6B-8F1C-D8D77FABEE0E}.Release|Any CPU.Build.0 = Release|Any CPU
		{7E608BB8-CE29-4A26-9346-DC972E7E0EC8}.Debug|Any CPU.ActiveCfg = Debug|Any CPU
		{7E608BB8-CE29-4A26-9346-DC972E7E0EC8}.Debug|Any CPU.Build.0 = Debug|Any CPU
		{7E608BB8-CE29-4A26-9346-DC972E7E0EC8}.Release|Any CPU.ActiveCfg = Release|Any CPU
		{7E608BB8-CE29-4A26-9346-DC972E7E0EC8}.Release|Any CPU.Build.0 = Release|Any CPU
	EndGlobalSection
	GlobalSection(SolutionProperties) = preSolution
		HideSolutionNode = FALSE
	EndGlobalSection
	GlobalSection(ExtensibilityGlobals) = postSolution
		SolutionGuid = {AB5E4E90-8845-48D4-A974-3321DBA957A5}
	EndGlobalSection
EndGlobal
